
Microsoft Visual Studio Solution File, Format Version 12.00
# Visual Studio Version 17
VisualStudioVersion = 17.11.35312.102
MinimumVisualStudioVersion = 10.0.40219.1
Project("{FAE04EC0-301F-11D3-BF4B-00C04F79EFBC}") = "ServerManagement", "ServerManagement\ServerManagement.csproj", "{A840413B-A069-48D8-AF22-D9261B9BDCE4}"
EndProject
Project("{FAE04EC0-301F-11D3-BF4B-00C04F79EFBC}") = "ToDoApp", "ToDoApp\ToDoApp.csproj", "{2E63DBA6-8B0C-4E75-AA1D-1D40EA5F8F41}"
EndProject
Project("{FAE04EC0-301F-11D3-BF4B-00C04F79EFBC}") = "WebAssemblyDemo", "WebAssemblyDemo\WebAssemblyDemo\WebAssemblyDemo.csproj", "{09D8165A-820C-43A5-A9B7-A367B6801985}"
EndProject
Project("{FAE04EC0-301F-11D3-BF4B-00C04F79EFBC}") = "WebAssemblyDemo.Client", "WebAssemblyDemo\WebAssemblyDemo.Client\WebAssemblyDemo.Client.csproj", "{5B047515-D9D1-4785-8D7F-D5A08F134FEE}"
EndProject
Project("{2150E333-8FDC-42A3-9474-1A3956D46DE8}") = "WebAssemblyDemo Project", "WebAssemblyDemo Project", "{02EA681E-C7D8-13C7-8484-4AC65E1B71E8}"
EndProject
Global
	GlobalSection(SolutionConfigurationPlatforms) = preSolution
		Debug|Any CPU = Debug|Any CPU
		Release|Any CPU = Release|Any CPU
	EndGlobalSection
	GlobalSection(ProjectConfigurationPlatforms) = postSolution
		{A840413B-A069-48D8-AF22-D9261B9BDCE4}.Debug|Any CPU.ActiveCfg = Debug|Any CPU
		{A840413B-A069-48D8-AF22-D9261B9BDCE4}.Debug|Any CPU.Build.0 = Debug|Any CPU
		{A840413B-A069-48D8-AF22-D9261B9BDCE4}.Release|Any CPU.ActiveCfg = Release|Any CPU
		{A840413B-A069-48D8-AF22-D9261B9BDCE4}.Release|Any CPU.Build.0 = Release|Any CPU
		{2E63DBA6-8B0C-4E75-AA1D-1D40EA5F8F41}.Debug|Any CPU.ActiveCfg = Debug|Any CPU
		{2E63DBA6-8B0C-4E75-AA1D-1D40EA5F8F41}.Debug|Any CPU.Build.0 = Debug|Any CPU
		{2E63DBA6-8B0C-4E75-AA1D-1D40EA5F8F41}.Release|Any CPU.ActiveCfg = Release|Any CPU
		{2E63DBA6-8B0C-4E75-AA1D-1D40EA5F8F41}.Release|Any CPU.Build.0 = Release|Any CPU
		{09D8165A-820C-43A5-A9B7-A367B6801985}.Debug|Any CPU.ActiveCfg = Debug|Any CPU
		{09D8165A-820C-43A5-A9B7-A367B6801985}.Debug|Any CPU.Build.0 = Debug|Any CPU
		{09D8165A-820C-43A5-A9B7-A367B6801985}.Release|Any CPU.ActiveCfg = Release|Any CPU
		{09D8165A-820C-43A5-A9B7-A367B6801985}.Release|Any CPU.Build.0 = Release|Any CPU
		{5B047515-D9D1-4785-8D7F-D5A08F134FEE}.Debug|Any CPU.ActiveCfg = Debug|Any CPU
		{5B047515-D9D1-4785-8D7F-D5A08F134FEE}.Debug|Any CPU.Build.0 = Debug|Any CPU
		{5B047515-D9D1-4785-8D7F-D5A08F134FEE}.Release|Any CPU.ActiveCfg = Release|Any CPU
		{5B047515-D9D1-4785-8D7F-D5A08F134FEE}.Release|Any CPU.Build.0 = Release|Any CPU
	EndGlobalSection
	GlobalSection(SolutionProperties) = preSolution
		HideSolutionNode = FALSE
	EndGlobalSection
	GlobalSection(NestedProjects) = preSolution
		{09D8165A-820C-43A5-A9B7-A367B6801985} = {02EA681E-C7D8-13C7-8484-4AC65E1B71E8}
		{5B047515-D9D1-4785-8D7F-D5A08F134FEE} = {02EA681E-C7D8-13C7-8484-4AC65E1B71E8}
	EndGlobalSection
	GlobalSection(ExtensibilityGlobals) = postSolution
		SolutionGuid = {5D14C683-A8EF-4CA4-806E-DDAB3F75B81C}
	EndGlobalSection
EndGlobal
